
Microsoft Visual Studio Solution File, Format Version 12.00
# Visual Studio Version 17
VisualStudioVersion = 17.14.36203.30 d17.14
MinimumVisualStudioVersion = 10.0.40219.1
Project("{FAE04EC0-301F-11D3-BF4B-00C04F79EFBC}") = "AppClinica", "AppClinica\AppClinica.csproj", "{3CAC995B-899E-4BA7-BE67-990536B28F61}"
EndProject
Project("{FAE04EC0-301F-11D3-BF4B-00C04F79EFBC}") = "capa_Modelo", "capa_Modelo\capa_Modelo.csproj", "{CEA16756-6001-43E3-8286-F23FFE5305F3}"
EndProject
Project("{FAE04EC0-301F-11D3-BF4B-00C04F79EFBC}") = "capa_Logica", "capa_Logica\capa_Logica.csproj", "{FDB261F0-D744-4348-8817-819FF49CE5F7}"
EndProject
Global
	GlobalSection(SolutionConfigurationPlatforms) = preSolution
		Debug|Any CPU = Debug|Any CPU
		Release|Any CPU = Release|Any CPU
	EndGlobalSection
	GlobalSection(ProjectConfigurationPlatforms) = postSolution
		{3CAC995B-899E-4BA7-BE67-990536B28F61}.Debug|Any CPU.ActiveCfg = Debug|Any CPU
		{3CAC995B-899E-4BA7-BE67-990536B28F61}.Debug|Any CPU.Build.0 = Debug|Any CPU
		{3CAC995B-899E-4BA7-BE67-990536B28F61}.Release|Any CPU.ActiveCfg = Release|Any CPU
		{3CAC995B-899E-4BA7-BE67-990536B28F61}.Release|Any CPU.Build.0 = Release|Any CPU
		{CEA16756-6001-43E3-8286-F23FFE5305F3}.Debug|Any CPU.ActiveCfg = Debug|Any CPU
		{CEA16756-6001-43E3-8286-F23FFE5305F3}.Debug|Any CPU.Build.0 = Debug|Any CPU
		{CEA16756-6001-43E3-8286-F23FFE5305F3}.Release|Any CPU.ActiveCfg = Release|Any CPU
		{CEA16756-6001-43E3-8286-F23FFE5305F3}.Release|Any CPU.Build.0 = Release|Any CPU
		{FDB261F0-D744-4348-8817-819FF49CE5F7}.Debug|Any CPU.ActiveCfg = Debug|Any CPU
		{FDB261F0-D744-4348-8817-819FF49CE5F7}.Debug|Any CPU.Build.0 = Debug|Any CPU
		{FDB261F0-D744-4348-8817-819FF49CE5F7}.Release|Any CPU.ActiveCfg = Release|Any CPU
		{FDB261F0-D744-4348-8817-819FF49CE5F7}.Release|Any CPU.Build.0 = Release|Any CPU
	EndGlobalSection
	GlobalSection(SolutionProperties) = preSolution
		HideSolutionNode = FALSE
	EndGlobalSection
	GlobalSection(ExtensibilityGlobals) = postSolution
		SolutionGuid = {D524CF94-02C2-4898-BD6D-093827E0F987}
	EndGlobalSection
EndGlobal
